
Microsoft Visual Studio Solution File, Format Version 12.00
# Visual Studio Version 17
VisualStudioVersion = 17.0.31903.59
MinimumVisualStudioVersion = 10.0.40219.1
Project("{FAE04EC0-301F-11D3-BF4B-00C04F79EFBC}") = "Todo.Domain", "Todo.Domain\Todo.Domain.csproj", "{992E99E9-7424-4451-A0DD-CF781FC861B0}"
EndProject
Project("{FAE04EC0-301F-11D3-BF4B-00C04F79EFBC}") = "Todo.Domain.Infra", "Todo.Domain.Infra\Todo.Domain.Infra.csproj", "{A917AB61-78DF-4843-A88E-A47C3514E03F}"
EndProject
Project("{FAE04EC0-301F-11D3-BF4B-00C04F79EFBC}") = "Todo.Domain.Api", "Todo.Domain.Api\Todo.Domain.Api.csproj", "{B04430EE-CCAE-4F8B-8A4A-C87428CF5F50}"
EndProject
Project("{FAE04EC0-301F-11D3-BF4B-00C04F79EFBC}") = "Todo.Domain.Test", "Todo.Domain.Test\Todo.Domain.Test.csproj", "{A24B184F-E0EE-49D0-84D0-EE5070FA8884}"
EndProject
Global
	GlobalSection(SolutionConfigurationPlatforms) = preSolution
		Debug|Any CPU = Debug|Any CPU
		Release|Any CPU = Release|Any CPU
	EndGlobalSection
	GlobalSection(SolutionProperties) = preSolution
		HideSolutionNode = FALSE
	EndGlobalSection
	GlobalSection(ProjectConfigurationPlatforms) = postSolution
		{992E99E9-7424-4451-A0DD-CF781FC861B0}.Debug|Any CPU.ActiveCfg = Debug|Any CPU
		{992E99E9-7424-4451-A0DD-CF781FC861B0}.Debug|Any CPU.Build.0 = Debug|Any CPU
		{992E99E9-7424-4451-A0DD-CF781FC861B0}.Release|Any CPU.ActiveCfg = Release|Any CPU
		{992E99E9-7424-4451-A0DD-CF781FC861B0}.Release|Any CPU.Build.0 = Release|Any CPU
		{A917AB61-78DF-4843-A88E-A47C3514E03F}.Debug|Any CPU.ActiveCfg = Debug|Any CPU
		{A917AB61-78DF-4843-A88E-A47C3514E03F}.Debug|Any CPU.Build.0 = Debug|Any CPU
		{A917AB61-78DF-4843-A88E-A47C3514E03F}.Release|Any CPU.ActiveCfg = Release|Any CPU
		{A917AB61-78DF-4843-A88E-A47C3514E03F}.Release|Any CPU.Build.0 = Release|Any CPU
		{B04430EE-CCAE-4F8B-8A4A-C87428CF5F50}.Debug|Any CPU.ActiveCfg = Debug|Any CPU
		{B04430EE-CCAE-4F8B-8A4A-C87428CF5F50}.Debug|Any CPU.Build.0 = Debug|Any CPU
		{B04430EE-CCAE-4F8B-8A4A-C87428CF5F50}.Release|Any CPU.ActiveCfg = Release|Any CPU
		{B04430EE-CCAE-4F8B-8A4A-C87428CF5F50}.Release|Any CPU.Build.0 = Release|Any CPU
		{A24B184F-E0EE-49D0-84D0-EE5070FA8884}.Debug|Any CPU.ActiveCfg = Debug|Any CPU
		{A24B184F-E0EE-49D0-84D0-EE5070FA8884}.Debug|Any CPU.Build.0 = Debug|Any CPU
		{A24B184F-E0EE-49D0-84D0-EE5070FA8884}.Release|Any CPU.ActiveCfg = Release|Any CPU
		{A24B184F-E0EE-49D0-84D0-EE5070FA8884}.Release|Any CPU.Build.0 = Release|Any CPU
	EndGlobalSection
EndGlobal
